
Microsoft Visual Studio Solution File, Format Version 12.00
# Visual Studio Version 17
VisualStudioVersion = 17.7.34031.279
MinimumVisualStudioVersion = 10.0.40219.1
Project("{FAE04EC0-301F-11D3-BF4B-00C04F79EFBC}") = "Topic 6 - Loops", "Topic 6 - Loops.csproj", "{829D5BE3-7929-4449-AC3D-0826B0D6B81B}"
EndProject
Global
	GlobalSection(SolutionConfigurationPlatforms) = preSolution
		Debug|Any CPU = Debug|Any CPU
		Release|Any CPU = Release|Any CPU
	EndGlobalSection
	GlobalSection(ProjectConfigurationPlatforms) = postSolution
		{829D5BE3-7929-4449-AC3D-0826B0D6B81B}.Debug|Any CPU.ActiveCfg = Debug|Any CPU
		{829D5BE3-7929-4449-AC3D-0826B0D6B81B}.Debug|Any CPU.Build.0 = Debug|Any CPU
		{829D5BE3-7929-4449-AC3D-0826B0D6B81B}.Release|Any CPU.ActiveCfg = Release|Any CPU
		{829D5BE3-7929-4449-AC3D-0826B0D6B81B}.Release|Any CPU.Build.0 = Release|Any CPU
	EndGlobalSection
	GlobalSection(SolutionProperties) = preSolution
		HideSolutionNode = FALSE
	EndGlobalSection
	GlobalSection(ExtensibilityGlobals) = postSolution
		SolutionGuid = {CF05257D-D96A-4B24-9B58-AF0BCA8DDCF1}
	EndGlobalSection
EndGlobal
